// !$*UTF8*$!
{
	archiveVersion = 1;
	classes = {
	};
	objectVersion = 46;
	objects = {

/* Begin PBXBuildFile section */
		067A4E2D1B4651FA001BFE61 /* AppDelegate.swift in Sources */ = {isa = PBXBuildFile; fileRef = 067A4E2C1B4651FA001BFE61 /* AppDelegate.swift */; };
		067A4E2F1B4651FA001BFE61 /* ViewController.swift in Sources */ = {isa = PBXBuildFile; fileRef = 067A4E2E1B4651FA001BFE61 /* ViewController.swift */; };
		067A4E321B4651FA001BFE61 /* Main.storyboard in Resources */ = {isa = PBXBuildFile; fileRef = 067A4E301B4651FA001BFE61 /* Main.storyboard */; };
		067A4E341B4651FA001BFE61 /* Images.xcassets in Resources */ = {isa = PBXBuildFile; fileRef = 067A4E331B4651FA001BFE61 /* Images.xcassets */; };
		067A4E371B4651FA001BFE61 /* LaunchScreen.xib in Resources */ = {isa = PBXBuildFile; fileRef = 067A4E351B4651FA001BFE61 /* LaunchScreen.xib */; };
		067A4E431B4651FB001BFE61 /* RoshamboTests.swift in Sources */ = {isa = PBXBuildFile; fileRef = 067A4E421B4651FB001BFE61 /* RoshamboTests.swift */; };
/* End PBXBuildFile section */

/* Begin PBXContainerItemProxy section */
		067A4E3D1B4651FB001BFE61 /* PBXContainerItemProxy */ = {
			isa = PBXContainerItemProxy;
			containerPortal = 067A4E1F1B4651FA001BFE61 /* Project object */;
			proxyType = 1;
			remoteGlobalIDString = 067A4E261B4651FA001BFE61;
			remoteInfo = Roshambo;
		};
/* End PBXContainerItemProxy section */

/* Begin PBXFileReference section */
		067A4E271B4651FA001BFE61 /* Roshambo.app */ = {isa = PBXFileReference; explicitFileType = wrapper.application; includeInIndex = 0; path = Roshambo.app; sourceTree = BUILT_PRODUCTS_DIR; };
		067A4E2B1B4651FA001BFE61 /* Info.plist */ = {isa = PBXFileReference; lastKnownFileType = text.plist.xml; path = Info.plist; sourceTree = "<group>"; };
		067A4E2C1B4651FA001BFE61 /* AppDelegate.swift */ = {isa = PBXFileReference; lastKnownFileType = sourcecode.swift; path = AppDelegate.swift; sourceTree = "<group>"; };
		067A4E2E1B4651FA001BFE61 /* ViewController.swift */ = {isa = PBXFileReference; lastKnownFileType = sourcecode.swift; path = ViewController.swift; sourceTree = "<group>"; };
		067A4E311B4651FA001BFE61 /* Base */ = {isa = PBXFileReference; lastKnownFileType = file.storyboard; name = Base; path = Base.lproj/Main.storyboard; sourceTree = "<group>"; };
		067A4E331B4651FA001BFE61 /* Images.xcassets */ = {isa = PBXFileReference; lastKnownFileType = folder.assetcatalog; path = Images.xcassets; sourceTree = "<group>"; };
		067A4E361B4651FA001BFE61 /* Base */ = {isa = PBXFileReference; lastKnownFileType = file.xib; name = Base; path = Base.lproj/LaunchScreen.xib; sourceTree = "<group>"; };
		067A4E3C1B4651FB001BFE61 /* RoshamboTests.xctest */ = {isa = PBXFileReference; explicitFileType = wrapper.cfbundle; includeInIndex = 0; path = RoshamboTests.xctest; sourceTree = BUILT_PRODUCTS_DIR; };
		067A4E411B4651FB001BFE61 /* Info.plist */ = {isa = PBXFileReference; lastKnownFileType = text.plist.xml; path = Info.plist; sourceTree = "<group>"; };
		067A4E421B4651FB001BFE61 /* RoshamboTests.swift */ = {isa = PBXFileReference; lastKnownFileType = sourcecode.swift; path = RoshamboTests.swift; sourceTree = "<group>"; };
/* End PBXFileReference section */

/* Begin PBXFrameworksBuildPhase section */
		067A4E241B4651FA001BFE61 /* Frameworks */ = {
			isa = PBXFrameworksBuildPhase;
			buildActionMask = 2147483647;
			files = (
			);
			runOnlyForDeploymentPostprocessing = 0;
		};
		067A4E391B4651FB001BFE61 /* Frameworks */ = {
			isa = PBXFrameworksBuildPhase;
			buildActionMask = 2147483647;
			files = (
			);
			runOnlyForDeploymentPostprocessing = 0;
		};
/* End PBXFrameworksBuildPhase section */

/* Begin PBXGroup section */
		067A4E1E1B4651FA001BFE61 = {
			isa = PBXGroup;
			children = (
				067A4E291B4651FA001BFE61 /* Roshambo */,
				067A4E3F1B4651FB001BFE61 /* RoshamboTests */,
				067A4E281B4651FA001BFE61 /* Products */,
			);
			sourceTree = "<group>";
		};
		067A4E281B4651FA001BFE61 /* Products */ = {
			isa = PBXGroup;
			children = (
				067A4E271B4651FA001BFE61 /* Roshambo.app */,
				067A4E3C1B4651FB001BFE61 /* RoshamboTests.xctest */,
			);
			name = Products;
			sourceTree = "<group>";
		};
		067A4E291B4651FA001BFE61 /* Roshambo */ = {
			isa = PBXGroup;
			children = (
				067A4E2C1B4651FA001BFE61 /* AppDelegate.swift */,
				067A4E2E1B4651FA001BFE61 /* ViewController.swift */,
				067A4E301B4651FA001BFE61 /* Main.storyboard */,
				067A4E331B4651FA001BFE61 /* Images.xcassets */,
				067A4E351B4651FA001BFE61 /* LaunchScreen.xib */,
				067A4E2A1B4651FA001BFE61 /* Supporting Files */,
			);
			path = Roshambo;
			sourceTree = "<group>";
		};
		067A4E2A1B4651FA001BFE61 /* Supporting Files */ = {
			isa = PBXGroup;
			children = (
				067A4E2B1B4651FA001BFE61 /* Info.plist */,
			);
			name = "Supporting Files";
			sourceTree = "<group>";
		};
		067A4E3F1B4651FB001BFE61 /* RoshamboTests */ = {
			isa = PBXGroup;
			children = (
				067A4E421B4651FB001BFE61 /* RoshamboTests.swift */,
				067A4E401B4651FB001BFE61 /* Supporting Files */,
			);
			path = RoshamboTests;
			sourceTree = "<group>";
		};
		067A4E401B4651FB001BFE61 /* Supporting Files */ = {
			isa = PBXGroup;
			children = (
				067A4E411B4651FB001BFE61 /* Info.plist */,
			);
			name = "Supporting Files";
			sourceTree = "<group>";
		};
/* End PBXGroup section */

/* Begin PBXNativeTarget section */
		067A4E261B4651FA001BFE61 /* Roshambo */ = {
			isa = PBXNativeTarget;
			buildConfigurationList = 067A4E461B4651FB001BFE61 /* Build configuration list for PBXNativeTarget "Roshambo" */;
			buildPhases = (
				067A4E231B4651FA001BFE61 /* Sources */,
				067A4E241B4651FA001BFE61 /* Frameworks */,
				067A4E251B4651FA001BFE61 /* Resources */,
			);
			buildRules = (
			);
			dependencies = (
			);
			name = Roshambo;
			productName = Roshambo;
			productReference = 067A4E271B4651FA001BFE61 /* Roshambo.app */;
			productType = "com.apple.product-type.application";
		};
		067A4E3B1B4651FB001BFE61 /* RoshamboTests */ = {
			isa = PBXNativeTarget;
			buildConfigurationList = 067A4E491B4651FB001BFE61 /* Build configuration list for PBXNativeTarget "RoshamboTests" */;
			buildPhases = (
				067A4E381B4651FB001BFE61 /* Sources */,
				067A4E391B4651FB001BFE61 /* Frameworks */,
				067A4E3A1B4651FB001BFE61 /* Resources */,
			);
			buildRules = (
			);
			dependencies = (
				067A4E3E1B4651FB001BFE61 /* PBXTargetDependency */,
			);
			name = RoshamboTests;
			productName = RoshamboTests;
			productReference = 067A4E3C1B4651FB001BFE61 /* RoshamboTests.xctest */;
			productType = "com.apple.product-type.bundle.unit-test";
		};
/* End PBXNativeTarget section */

/* Begin PBXProject section */
		067A4E1F1B4651FA001BFE61 /* Project object */ = {
			isa = PBXProject;
			attributes = {
				LastUpgradeCheck = 0640;
				ORGANIZATIONNAME = "Tu Tong";
				TargetAttributes = {
					067A4E261B4651FA001BFE61 = {
						CreatedOnToolsVersion = 6.4;
					};
					067A4E3B1B4651FB001BFE61 = {
						CreatedOnToolsVersion = 6.4;
						TestTargetID = 067A4E261B4651FA001BFE61;
					};
				};
			};
			buildConfigurationList = 067A4E221B4651FA001BFE61 /* Build configuration list for PBXProject "Roshambo" */;
			compatibilityVersion = "Xcode 3.2";
			developmentRegion = English;
			hasScannedForEncodings = 0;
			knownRegions = (
				en,
				Base,
			);
			mainGroup = 067A4E1E1B4651FA001BFE61;
			productRefGroup = 067A4E281B4651FA001BFE61 /* Products */;
			projectDirPath = "";
			projectRoot = "";
			targets = (
				067A4E261B4651FA001BFE61 /* Roshambo */,
				067A4E3B1B4651FB001BFE61 /* RoshamboTests */,
			);
		};
/* End PBXProject section */

/* Begin PBXResourcesBuildPhase section */
		067A4E251B4651FA001BFE61 /* Resources */ = {
			isa = PBXResourcesBuildPhase;
			buildActionMask = 2147483647;
			files = (
				067A4E321B4651FA001BFE61 /* Main.storyboard in Resources */,
				067A4E371B4651FA001BFE61 /* LaunchScreen.xib in Resources */,
				067A4E341B4651FA001BFE61 /* Images.xcassets in Resources */,
			);
			runOnlyForDeploymentPostprocessing = 0;
		};
		067A4E3A1B4651FB001BFE61 /* Resources */ = {
			isa = PBXResourcesBuildPhase;
			buildActionMask = 2147483647;
			files = (
			);
			runOnlyForDeploymentPostprocessing = 0;
		};
/* End PBXResourcesBuildPhase section */

/* Begin PBXSourcesBuildPhase section */
		067A4E231B4651FA001BFE61 /* Sources */ = {
			isa = PBXSourcesBuildPhase;
			buildActionMask = 2147483647;
			files = (
				067A4E2F1B4651FA001BFE61 /* ViewController.swift in Sources */,
				067A4E2D1B4651FA001BFE61 /* AppDelegate.swift in Sources */,
			);
			runOnlyForDeploymentPostprocessing = 0;
		};
		067A4E381B4651FB001BFE61 /* Sources */ = {
			isa = PBXSourcesBuildPhase;
			buildActionMask = 2147483647;
			files = (
				067A4E431B4651FB001BFE61 /* RoshamboTests.swift in Sources */,
			);
			runOnlyForDeploymentPostprocessing = 0;
		};
/* End PBXSourcesBuildPhase section */

/* Begin PBXTargetDependency section */
		067A4E3E1B4651FB001BFE61 /* PBXTargetDependency */ = {
			isa = PBXTargetDependency;
			target = 067A4E261B4651FA001BFE61 /* Roshambo */;
			targetProxy = 067A4E3D1B4651FB001BFE61 /* PBXContainerItemProxy */;
		};
/* End PBXTargetDependency section */

/* Begin PBXVariantGroup section */
		067A4E301B4651FA001BFE61 /* Main.storyboard */ = {
			isa = PBXVariantGroup;
			children = (
				067A4E311B4651FA001BFE61 /* Base */,
			);
			name = Main.storyboard;
			sourceTree = "<group>";
		};
		067A4E351B4651FA001BFE61 /* LaunchScreen.xib */ = {
			isa = PBXVariantGroup;
			children = (
				067A4E361B4651FA001BFE61 /* Base */,
			);
			name = LaunchScreen.xib;
			sourceTree = "<group>";
		};
/* End PBXVariantGroup section */

/* Begin XCBuildConfiguration section */
		067A4E441B4651FB001BFE61 /* Debug */ = {
			isa = XCBuildConfiguration;
			buildSettings = {
				ALWAYS_SEARCH_USER_PATHS = NO;
				CLANG_CXX_LANGUAGE_STANDARD = "gnu++0x";
				CLANG_CXX_LIBRARY = "libc++";
				CLANG_ENABLE_MODULES = YES;
				CLANG_ENABLE_OBJC_ARC = YES;
				CLANG_WARN_BOOL_CONVERSION = YES;
				CLANG_WARN_CONSTANT_CONVERSION = YES;
				CLANG_WARN_DIRECT_OBJC_ISA_USAGE = YES_ERROR;
				CLANG_WARN_EMPTY_BODY = YES;
				CLANG_WARN_ENUM_CONVERSION = YES;
				CLANG_WARN_INT_CONVERSION = YES;
				CLANG_WARN_OBJC_ROOT_CLASS = YES_ERROR;
				CLANG_WARN_UNREACHABLE_CODE = YES;
				CLANG_WARN__DUPLICATE_METHOD_MATCH = YES;
				"CODE_SIGN_IDENTITY[sdk=iphoneos*]" = "iPhone Developer";
				COPY_PHASE_STRIP = NO;
				DEBUG_INFORMATION_FORMAT = "dwarf-with-dsym";
				ENABLE_STRICT_OBJC_MSGSEND = YES;
				GCC_C_LANGUAGE_STANDARD = gnu99;
				GCC_DYNAMIC_NO_PIC = NO;
				GCC_NO_COMMON_BLOCKS = YES;
				GCC_OPTIMIZATION_LEVEL = 0;
				GCC_PREPROCESSOR_DEFINITIONS = (
					"DEBUG=1",
					"$(inherited)",
				);
				GCC_SYMBOLS_PRIVATE_EXTERN = NO;
				GCC_WARN_64_TO_32_BIT_CONVERSION = YES;
				GCC_WARN_ABOUT_RETURN_TYPE = YES_ERROR;
				GCC_WARN_UNDECLARED_SELECTOR = YES;
				GCC_WARN_UNINITIALIZED_AUTOS = YES_AGGRESSIVE;
				GCC_WARN_UNUSED_FUNCTION = YES;
				GCC_WARN_UNUSED_VARIABLE = YES;
				IPHONEOS_DEPLOYMENT_TARGET = 8.4;
				MTL_ENABLE_DEBUG_INFO = YES;
				ONLY_ACTIVE_ARCH = YES;
				SDKROOT = iphoneos;
				SWIFT_OPTIMIZATION_LEVEL = "-Onone";
				TARGETED_DEVICE_FAMILY = "1,2";
			};
			name = Debug;
		};
		067A4E451B4651FB001BFE61 /* Release */ = {
			isa = XCBuildConfiguration;
			buildSettings = {
				ALWAYS_SEARCH_USER_PATHS = NO;
				CLANG_CXX_LANGUAGE_STANDARD = "gnu++0x";
				CLANG_CXX_LIBRARY = "libc++";
				CLANG_ENABLE_MODULES = YES;
				CLANG_ENABLE_OBJC_ARC = YES;
				CLANG_WARN_BOOL_CONVERSION = YES;
				CLANG_WARN_CONSTANT_CONVERSION = YES;
				CLANG_WARN_DIRECT_OBJC_ISA_USAGE = YES_ERROR;
				CLANG_WARN_EMPTY_BODY = YES;
				CLANG_WARN_ENUM_CONVERSION = YES;
				CLANG_WARN_INT_CONVERSION = YES;
				CLANG_WARN_OBJC_ROOT_CLASS = YES_ERROR;
				CLANG_WARN_UNREACHABLE_CODE = YES;
				CLANG_WARN__DUPLICATE_METHOD_MATCH = YES;
				"CODE_SIGN_IDENTITY[sdk=iphoneos*]" = "iPhone Developer";
				COPY_PHASE_STRIP = NO;
				DEBUG_INFORMATION_FORMAT = "dwarf-with-dsym";
				ENABLE_NS_ASSERTIONS = NO;
				ENABLE_STRICT_OBJC_MSGSEND = YES;
				GCC_C_LANGUAGE_STANDARD = gnu99;
				GCC_NO_COMMON_BLOCKS = YES;
				GCC_WARN_64_TO_32_BIT_CONVERSION = YES;
				GCC_WARN_ABOUT_RETURN_TYPE = YES_ERROR;
				GCC_WARN_UNDECLARED_SELECTOR = YES;
				GCC_WARN_UNINITIALIZED_AUTOS = YES_AGGRESSIVE;
				GCC_WARN_UNUSED_FUNCTION = YES;
				GCC_WARN_UNUSED_VARIABLE = YES;
				IPHONEOS_DEPLOYMENT_TARGET = 8.4;
				MTL_ENABLE_DEBUG_INFO = NO;
				SDKROOT = iphoneos;
				TARGETED_DEVICE_FAMILY = "1,2";
				VALIDATE_PRODUCT = YES;
			};
			name = Release;
		};
		067A4E471B4651FB001BFE61 /* Debug */ = {
			isa = XCBuildConfiguration;
			buildSettings = {
				ASSETCATALOG_COMPILER_APPICON_NAME = AppIcon;
				INFOPLIST_FILE = Roshambo/Info.plist;
				LD_RUNPATH_SEARCH_PATHS = "$(inherited) @executable_path/Frameworks";
				PRODUCT_NAME = "$(TARGET_NAME)";
			};
			name = Debug;
		};
		067A4E481B4651FB001BFE61 /* Release */ = {
			isa = XCBuildConfiguration;
			buildSettings = {
				ASSETCATALOG_COMPILER_APPICON_NAME = AppIcon;
				INFOPLIST_FILE = Roshambo/Info.plist;
				LD_RUNPATH_SEARCH_PATHS = "$(inherited) @executable_path/Frameworks";
				PRODUCT_NAME = "$(TARGET_NAME)";
			};
			name = Release;
		};
		067A4E4A1B4651FB001BFE61 /* Debug */ = {
			isa = XCBuildConfiguration;
			buildSettings = {
				BUNDLE_LOADER = "$(TEST_HOST)";
				FRAMEWORK_SEARCH_PATHS = (
					"$(SDKROOT)/Developer/Library/Frameworks",
					"$(inherited)",
				);
				GCC_PREPROCESSOR_DEFINITIONS = (
					"DEBUG=1",
					"$(inherited)",
				);
				INFOPLIST_FILE = RoshamboTests/Info.plist;
				LD_RUNPATH_SEARCH_PATHS = "$(inherited) @executable_path/Frameworks @loader_path/Frameworks";
				PRODUCT_NAME = "$(TARGET_NAME)";
				TEST_HOST = "$(BUILT_PRODUCTS_DIR)/Roshambo.app/Roshambo";
			};
			name = Debug;
		};
		067A4E4B1B4651FB001BFE61 /* Release */ = {
			isa = XCBuildConfiguration;
			buildSettings = {
				BUNDLE_LOADER = "$(TEST_HOST)";
				FRAMEWORK_SEARCH_PATHS = (
					"$(SDKROOT)/Developer/Library/Frameworks",
					"$(inherited)",
				);
				INFOPLIST_FILE = RoshamboTests/Info.plist;
				LD_RUNPATH_SEARCH_PATHS = "$(inherited) @executable_path/Frameworks @loader_path/Frameworks";
				PRODUCT_NAME = "$(TARGET_NAME)";
				TEST_HOST = "$(BUILT_PRODUCTS_DIR)/Roshambo.app/Roshambo";
			};
			name = Release;
		};
/* End XCBuildConfiguration section */

/* Begin XCConfigurationList section */
		067A4E221B4651FA001BFE61 /* Build configuration list for PBXProject "Roshambo" */ = {
			isa = XCConfigurationList;
			buildConfigurations = (
				067A4E441B4651FB001BFE61 /* Debug */,
				067A4E451B4651FB001BFE61 /* Release */,
			);
			defaultConfigurationIsVisible = 0;
			defaultConfigurationName = Release;
		};
		067A4E461B4651FB001BFE61 /* Build configuration list for PBXNativeTarget "Roshambo" */ = {
			isa = XCConfigurationList;
			buildConfigurations = (
				067A4E471B4651FB001BFE61 /* Debug */,
				067A4E481B4651FB001BFE61 /* Release */,
			);
			defaultConfigurationIsVisible = 0;
		};
		067A4E491B4651FB001BFE61 /* Build configuration list for PBXNativeTarget "RoshamboTests" */ = {
			isa = XCConfigurationList;
			buildConfigurations = (
				067A4E4A1B4651FB001BFE61 /* Debug */,
				067A4E4B1B4651FB001BFE61 /* Release */,
			);
			defaultConfigurationIsVisible = 0;
		};
/* End XCConfigurationList section */
	};
	rootObject = 067A4E1F1B4651FA001BFE61 /* Project object */;
}
